# THIS IS AN AUTOGENERATED FILE. DO NOT EDIT THIS FILE DIRECTLY.
# yarn lockfile v1


"@aero/centra@^1.0.0":
  version "1.0.6"
  resolved "https://registry.yarnpkg.com/@aero/centra/-/centra-1.0.6.tgz#0151359a4c6a9054d36fa6c31353b2fd3d860e6f"
  integrity sha512-e7sUh/VjugT8LsHb4/hcbmhaVVi9deWWPQnlMnU0RAnF8+iCdGdCcKvoHnDNl/ELykwjpbKpBYbWPx0yKZaDpw==

"@aero/ksoft@^3.1.8":
  version "3.1.8"
  resolved "https://registry.yarnpkg.com/@aero/ksoft/-/ksoft-3.1.8.tgz#3077d55592640ed6df6347348d55cfc23f92e2c0"
  integrity sha512-61UHJw3FMfGlrE5HN5tkTBmvcD3pTQQ6/PBegFzHvBZ8MxdiVOsobuBRonJaM9OLnbf/8J7xHK/grt8/X2oSrQ==
  dependencies:
    "@aero/centra" "^1.0.0"
    flatted "^2.0.1"

"@discordjs/collection@^0.1.6":
  version "0.1.6"
  resolved "https://registry.yarnpkg.com/@discordjs/collection/-/collection-0.1.6.tgz#9e9a7637f4e4e0688fd8b2b5c63133c91607682c"
  integrity sha512-utRNxnd9kSS2qhyivo9lMlt5qgAUasH2gb7BEOn6p0efFh24gjGomHzWKMAPn2hEReOPQZCJaRKoURwRotKucQ==

"@discordjs/form-data@^3.0.1":
  version "3.0.1"
  resolved "https://registry.yarnpkg.com/@discordjs/form-data/-/form-data-3.0.1.tgz#5c9e6be992e2e57d0dfa0e39979a850225fb4697"
  integrity sha512-ZfFsbgEXW71Rw/6EtBdrP5VxBJy4dthyC0tpQKGKmYFImlmmrykO14Za+BiIVduwjte0jXEBlhSKf0MWbFp9Eg==
  dependencies:
    asynckit "^0.4.0"
    combined-stream "^1.0.8"
    mime-types "^2.1.12"

"@klasa/console@^0.0.3":
  version "0.0.3"
  resolved "https://registry.yarnpkg.com/@klasa/console/-/console-0.0.3.tgz#fbcf5e6cb22897168cff7606bff09f8c4f13219a"
  integrity sha512-liZ83AqQd2K4NpqLIsSrelLL03o1jrKoC9vE5gltq6VyQ0QbjpbWnx4Mn9Ksx0elnO2mih33cnm5IXh0VoOCkA==
  dependencies:
    "@klasa/timestamp" "^0.0.1"
    "@klasa/utils" "^0.0.8"

"@klasa/timestamp@^0.0.1":
  version "0.0.1"
  resolved "https://registry.yarnpkg.com/@klasa/timestamp/-/timestamp-0.0.1.tgz#f7e2171438563affc1e082e9ff6cb013468062a1"
  integrity sha512-Oreeh+YawFcLvF5SWREBYQie8Net+KihA15ZRG8hOPYqCLRkkeRcf1xrPUdZelsXFGKV3lqpbdTvhyGOau92mA==

"@klasa/utils@^0.0.8":
  version "0.0.8"
  resolved "https://registry.yarnpkg.com/@klasa/utils/-/utils-0.0.8.tgz#8b017d8f7a771e5c1894b85f8dafefc219fc9d76"
  integrity sha512-6G/P9/HM8fTanKUFPrODFmmD3ff8Jwr7gG//2BsTeWfGBBulDn/H8ObWRJjIu81nLKX1I4iQ1jNcK5uOfso6ug==

"@sentry/core@5.22.3":
  version "5.22.3"
  resolved "https://registry.yarnpkg.com/@sentry/core/-/core-5.22.3.tgz#030f435f2b518f282ba8bd954dac90cd70888bd7"
  integrity sha512-eGL5uUarw3o4i9QUb9JoFHnhriPpWCaqeaIBB06HUpdcvhrjoowcKZj1+WPec5lFg5XusE35vez7z/FPzmJUDw==
  dependencies:
    "@sentry/hub" "5.22.3"
    "@sentry/minimal" "5.22.3"
    "@sentry/types" "5.22.3"
    "@sentry/utils" "5.22.3"
    tslib "^1.9.3"

"@sentry/hub@5.22.3":
  version "5.22.3"
  resolved "https://registry.yarnpkg.com/@sentry/hub/-/hub-5.22.3.tgz#08309a70d2ea8d5e313d05840c1711f34f2fffe5"
  integrity sha512-INo47m6N5HFEs/7GMP9cqxOIt7rmRxdERunA3H2L37owjcr77MwHVeeJ9yawRS6FMtbWXplgWTyTIWIYOuqVbw==
  dependencies:
    "@sentry/types" "5.22.3"
    "@sentry/utils" "5.22.3"
    tslib "^1.9.3"

"@sentry/minimal@5.22.3":
  version "5.22.3"
  resolved "https://registry.yarnpkg.com/@sentry/minimal/-/minimal-5.22.3.tgz#706e4029ae5494123d3875c658ba8911aa5cc440"
  integrity sha512-HoINpYnVYCpNjn2XIPIlqH5o4BAITpTljXjtAftOx6Hzj+Opjg8tR8PWliyKDvkXPpc4kXK9D6TpEDw8MO0wZA==
  dependencies:
    "@sentry/hub" "5.22.3"
    "@sentry/types" "5.22.3"
    tslib "^1.9.3"

"@sentry/node@^5.15.4":
  version "5.22.3"
  resolved "https://registry.yarnpkg.com/@sentry/node/-/node-5.22.3.tgz#adea622eae6811e11edc8f34209c912caed91336"
  integrity sha512-TCCKO7hJKiQi1nGmJcQfvbbqv98P08LULh7pb/NaO5pV20t1FtICfGx8UMpORRDehbcAiYq/f7rPOF6X/Xl5iw==
  dependencies:
    "@sentry/core" "5.22.3"
    "@sentry/hub" "5.22.3"
    "@sentry/tracing" "5.22.3"
    "@sentry/types" "5.22.3"
    "@sentry/utils" "5.22.3"
    cookie "^0.4.1"
    https-proxy-agent "^5.0.0"
    lru_map "^0.3.3"
    tslib "^1.9.3"

"@sentry/tracing@5.22.3":
  version "5.22.3"
  resolved "https://registry.yarnpkg.com/@sentry/tracing/-/tracing-5.22.3.tgz#9b5a376e3164c007a22e8642ec094104468cac0c"
  integrity sha512-Zp59kMCk5v56ZAyErqjv/QvGOWOQ5fRltzeVQVp8unIDTk6gEFXfhwPsYHOokJe1mfkmrgPDV6xAkYgtL3KCDQ==
  dependencies:
    "@sentry/hub" "5.22.3"
    "@sentry/minimal" "5.22.3"
    "@sentry/types" "5.22.3"
    "@sentry/utils" "5.22.3"
    tslib "^1.9.3"

"@sentry/types@5.22.3":
  version "5.22.3"
  resolved "https://registry.yarnpkg.com/@sentry/types/-/types-5.22.3.tgz#d1d547b30ee8bd7771fa893af74c4f3d71f0fd18"
  integrity sha512-cv+VWK0YFgCVDvD1/HrrBWOWYG3MLuCUJRBTkV/Opdy7nkdNjhCAJQrEyMM9zX0sac8FKWKOHT0sykNh8KgmYw==

"@sentry/utils@5.22.3":
  version "5.22.3"
  resolved "https://registry.yarnpkg.com/@sentry/utils/-/utils-5.22.3.tgz#e3bda3e789239eb16d436f768daa12829f33d18f"
  integrity sha512-AHNryXMBvIkIE+GQxTlmhBXD0Ksh+5w1SwM5qi6AttH+1qjWLvV6WB4+4pvVvEoS8t5F+WaVUZPQLmCCWp6zKw==
  dependencies:
    "@sentry/types" "5.22.3"
    tslib "^1.9.3"

"@types/centra@^2.2.0":
  version "2.2.0"
  resolved "https://registry.yarnpkg.com/@types/centra/-/centra-2.2.0.tgz#ceb4d966dcd1c5c53023b3ff322db729cea36524"
  integrity sha512-TUpM1QoIgXa2VL1LnWbTgde39+rRnsOtvb0v8ZrX8t51g8K1Wwu4HAEXcBg5a56GV5Vm/KazyE5+g4AW8YbKNg==
  dependencies:
    "@types/node" "*"

"@types/humanize-duration@^3.18.1":
  version "3.18.1"
  resolved "https://registry.yarnpkg.com/@types/humanize-duration/-/humanize-duration-3.18.1.tgz#10090d596053703e7de0ac43a37b96cd9fc78309"
  integrity sha512-MUgbY3CF7hg/a/jogixmAufLjJBQT7WEf8Q+kYJkOc47ytngg1IuZobCngdTjAgY83JWEogippge5O5fplaQlw==

"@types/node@*":
  version "14.6.3"
  resolved "https://registry.yarnpkg.com/@types/node/-/node-14.6.3.tgz#cc4f979548ca4d8e7b90bc0180052ab99ee64224"
  integrity sha512-pC/hkcREG6YfDfui1FBmj8e20jFU5Exjw4NYDm8kEdrW+mOh0T1Zve8DWKnS7ZIZvgncrctcNCXF4Q2I+loyww==

"@types/node@^14.6.0":
  version "14.6.2"
  resolved "https://registry.yarnpkg.com/@types/node/-/node-14.6.2.tgz#264b44c5a28dfa80198fc2f7b6d3c8a054b9491f"
  integrity sha512-onlIwbaeqvZyniGPfdw/TEhKIh79pz66L1q06WUQqJLnAb6wbjvOtepLYTGHTqzdXgBYIE3ZdmqHDGsRsbBz7A==

"@types/ws@^7.2.6":
  version "7.2.6"
  resolved "https://registry.yarnpkg.com/@types/ws/-/ws-7.2.6.tgz#516cbfb818310f87b43940460e065eb912a4178d"
  integrity sha512-Q07IrQUSNpr+cXU4E4LtkSIBPie5GLZyyMC1QtQYRLWz701+XcoVygGUZgvLqElq1nU4ICldMYPnexlBsg3dqQ==
  dependencies:
    "@types/node" "*"

abort-controller@^3.0.0:
  version "3.0.0"
  resolved "https://registry.yarnpkg.com/abort-controller/-/abort-controller-3.0.0.tgz#eaf54d53b62bae4138e809ca225c8439a6efb392"
  integrity sha512-h8lQ8tacZYnR3vNQTgibj+tODHI5/+l06Au2Pcriv/Gmet0eaj4TwWH41sO9wnHDiQsEj19q0drzdWdeAHtweg==
  dependencies:
    event-target-shim "^5.0.0"

agent-base@6:
  version "6.0.1"
  resolved "https://registry.yarnpkg.com/agent-base/-/agent-base-6.0.1.tgz#808007e4e5867decb0ab6ab2f928fbdb5a596db4"
  integrity sha512-01q25QQDwLSsyfhrKbn8yuur+JNw0H+0Y4JiGIKd3z9aYk/w/2kxD/Upc+t2ZBBSUNff50VjPsSW2YxM8QYKVg==
  dependencies:
    debug "4"

asynckit@^0.4.0:
  version "0.4.0"
  resolved "https://registry.yarnpkg.com/asynckit/-/asynckit-0.4.0.tgz#c79ed97f7f34cb8f2ba1bc9790bcc366474b4b79"
  integrity sha1-x57Zf380y48robyXkLzDZkdLS3k=

bufferutil@^4.0.1:
  version "4.0.1"
  resolved "https://registry.yarnpkg.com/bufferutil/-/bufferutil-4.0.1.tgz#3a177e8e5819a1243fe16b63a199951a7ad8d4a7"
  integrity sha512-xowrxvpxojqkagPcWRQVXZl0YXhRhAtBEIq3VoER1NH5Mw1n1o0ojdspp+GS2J//2gCVyrzQDApQ4unGF+QOoA==
  dependencies:
    node-gyp-build "~3.7.0"

centra@^2.4.2:
  version "2.4.2"
  resolved "https://registry.yarnpkg.com/centra/-/centra-2.4.2.tgz#3bad51dbca2250dbecad84598dc7184973f4c4a9"
  integrity sha512-f1RaP0V1HqVNEXfLfjNBthB2yy3KnSGnPCnOPCFLUk9e/Z4rNJ8nBaJNnghflnp88mi1IT8mfmW+HlMS1/H+bg==

combined-stream@^1.0.8:
  version "1.0.8"
  resolved "https://registry.yarnpkg.com/combined-stream/-/combined-stream-1.0.8.tgz#c3d45a8b34fd730631a110a8a2520682b31d5a7f"
  integrity sha512-FQN4MRfuJeHf7cBbBMJFXhKSDq+2kAArBlmRBvcvFE5BB1HZKXtSFASDhdlz9zOYwxh8lDdnvmMOe/+5cdoEdg==
  dependencies:
    delayed-stream "~1.0.0"

cookie@^0.4.1:
  version "0.4.1"
  resolved "https://registry.yarnpkg.com/cookie/-/cookie-0.4.1.tgz#afd713fe26ebd21ba95ceb61f9a8116e50a537d1"
  integrity sha512-ZwrFkGJxUR3EIoXtO+yVE69Eb7KlixbaeAWfBQB9vVsNn/o+Yw69gBWSSDK825hQNdN+wF8zELf3dFNl/kxkUA==

debug@4:
  version "4.1.1"
  resolved "https://registry.yarnpkg.com/debug/-/debug-4.1.1.tgz#3b72260255109c6b589cee050f1d516139664791"
  integrity sha512-pYAIzeRo8J6KPEaJ0VWOh5Pzkbw/RetuzehGM7QRRX5he4fPHx2rdKMB256ehJCkX+XRQm16eZLqLNS8RSZXZw==
  dependencies:
    ms "^2.1.1"

delayed-stream@~1.0.0:
  version "1.0.0"
  resolved "https://registry.yarnpkg.com/delayed-stream/-/delayed-stream-1.0.0.tgz#df3ae199acadfb7d440aaae0b29e2272b24ec619"
  integrity sha1-3zrhmayt+31ECqrgsp4icrJOxhk=

discord-akairo@^8.1.0:
  version "8.1.0"
  resolved "https://registry.yarnpkg.com/discord-akairo/-/discord-akairo-8.1.0.tgz#9f3d910e12c197d40d3522a3a93679e2a746a6ca"
  integrity sha512-INWYmHo6NgyYx1ZKGSCmgznVfvkXpWGj4fGCGjO8IPkZ06Bidb9YKr4rXy2lwG0kprCjvqY0qbbhcw6N050abQ==

discord.js@^12.2.0:
  version "12.3.1"
  resolved "https://registry.yarnpkg.com/discord.js/-/discord.js-12.3.1.tgz#8f58ac17d29b068dbfeb6c01fc7777bacd5324cf"
  integrity sha512-mSFyV/mbvzH12UXdS4zadmeUf8IMQOo/YdunubG1wWt1xjWvtaJz/s9CGsFD2B5pTw1W/LXxxUbrQjIZ/xlUdw==
  dependencies:
    "@discordjs/collection" "^0.1.6"
    "@discordjs/form-data" "^3.0.1"
    abort-controller "^3.0.0"
    node-fetch "^2.6.0"
    prism-media "^1.2.2"
    setimmediate "^1.0.5"
    tweetnacl "^1.0.3"
    ws "^7.3.1"

dotenv@^8.2.0:
  version "8.2.0"
  resolved "https://registry.yarnpkg.com/dotenv/-/dotenv-8.2.0.tgz#97e619259ada750eea3e4ea3e26bceea5424b16a"
  integrity sha512-8sJ78ElpbDJBHNeBzUbUVLsqKdccaa/BXF1uPTw3GrvQTBgrQrtObr2mUrE38vzYd8cEv+m/JBfDLioYcfXoaw==

emoji-regex@^9.0.0:
  version "9.0.0"
  resolved "https://registry.yarnpkg.com/emoji-regex/-/emoji-regex-9.0.0.tgz#48a2309cc8a1d2e9d23bc6a67c39b63032e76ea4"
  integrity sha512-6p1NII1Vm62wni/VR/cUMauVQoxmLVb9csqQlvLz+hO2gk8U2UYDfXHQSUYIBKmZwAKz867IDqG7B+u0mj+M6w==

event-target-shim@^5.0.0:
  version "5.0.1"
  resolved "https://registry.yarnpkg.com/event-target-shim/-/event-target-shim-5.0.1.tgz#5d4d3ebdf9583d63a5333ce2deb7480ab2b05789"
  integrity sha512-i/2XbnSz/uxRCU6+NdVJgKWDTM427+MqYbkQzD321DuCQJUqOuJKIA0IM2+W2xtYHdKOmZ4dR6fExsd4SXL+WQ==

flatted@^2.0.1:
  version "2.0.2"
  resolved "https://registry.yarnpkg.com/flatted/-/flatted-2.0.2.tgz#4575b21e2bcee7434aa9be662f4b7b5f9c2b5138"
  integrity sha512-r5wGx7YeOwNWNlCA0wQ86zKyDLMQr+/RB8xy74M4hTphfmjlijTSSXGuH8rnvKZnfT9i+75zmd8jcKdMR4O6jA==

https-proxy-agent@^5.0.0:
  version "5.0.0"
  resolved "https://registry.yarnpkg.com/https-proxy-agent/-/https-proxy-agent-5.0.0.tgz#e2a90542abb68a762e0a0850f6c9edadfd8506b2"
  integrity sha512-EkYm5BcKUGiduxzSt3Eppko+PiNWNEpa4ySk9vTC6wDsQJW9rHSa+UhGNJoRYp7bz6Ht1eaRIa6QaJqO5rCFbA==
  dependencies:
    agent-base "6"
    debug "4"

humanize-duration@^3.23.1:
  version "3.23.1"
  resolved "https://registry.yarnpkg.com/humanize-duration/-/humanize-duration-3.23.1.tgz#59cb8d01287479c1aa7cd5b1efc260d799bef89b"
  integrity sha512-aoOEkomAETmVuQyBx4E7/LfPlC9s8pAA/USl7vFRQpDjepo3aiyvFfOhtXSDqPowdBVPFUZ7onG/KyuolX0qPg==

lru_map@^0.3.3:
  version "0.3.3"
  resolved "https://registry.yarnpkg.com/lru_map/-/lru_map-0.3.3.tgz#b5c8351b9464cbd750335a79650a0ec0e56118dd"
  integrity sha1-tcg1G5Rky9dQM1p5ZQoOwOVhGN0=

mime-db@1.44.0:
  version "1.44.0"
  resolved "https://registry.yarnpkg.com/mime-db/-/mime-db-1.44.0.tgz#fa11c5eb0aca1334b4233cb4d52f10c5a6272f92"
  integrity sha512-/NOTfLrsPBVeH7YtFPgsVWveuL+4SjjYxaQ1xtM1KMFj7HdxlBlxeyNLzhyJVx7r4rZGJAZ/6lkKCitSc/Nmpg==

mime-types@^2.1.12:
  version "2.1.27"
  resolved "https://registry.yarnpkg.com/mime-types/-/mime-types-2.1.27.tgz#47949f98e279ea53119f5722e0f34e529bec009f"
  integrity sha512-JIhqnCasI9yD+SsmkquHBxTSEuZdQX5BuQnS2Vc7puQQQ+8yiP5AY5uWhpdv4YL4VM5c6iliiYWPgJ/nJQLp7w==
  dependencies:
    mime-db "1.44.0"

moment@^2.27.0:
  version "2.27.0"
  resolved "https://registry.yarnpkg.com/moment/-/moment-2.27.0.tgz#8bff4e3e26a236220dfe3e36de756b6ebaa0105d"
  integrity sha512-al0MUK7cpIcglMv3YF13qSgdAIqxHTO7brRtaz3DlSULbqfazqkc5kEjNrLDOM7fsjshoFIihnU8snrP7zUvhQ==

ms@^2.1.1:
  version "2.1.2"
  resolved "https://registry.yarnpkg.com/ms/-/ms-2.1.2.tgz#d09d1f357b443f493382a8eb3ccd183872ae6009"
  integrity sha512-sGkPx+VjMtmA6MX27oA4FBFELFCZZ4S4XqeGOXCv68tT+jb3vk/RyaKWP0PTKyWtmLSM0b+adUTEvbs1PEaH2w==

node-fetch@^2.6.0:
  version "2.6.0"
  resolved "https://registry.yarnpkg.com/node-fetch/-/node-fetch-2.6.0.tgz#e633456386d4aa55863f676a7ab0daa8fdecb0fd"
  integrity sha512-8dG4H5ujfvFiqDmVu9fQ5bOHUC15JMjMY/Zumv26oOvvVJjM67KF8koCWIabKQ1GJIa9r2mMZscBq/TbdOcmNA==

node-gyp-build@~3.7.0:
  version "3.7.0"
  resolved "https://registry.yarnpkg.com/node-gyp-build/-/node-gyp-build-3.7.0.tgz#daa77a4f547b9aed3e2aac779eaf151afd60ec8d"
  integrity sha512-L/Eg02Epx6Si2NXmedx+Okg+4UHqmaf3TNcxd50SF9NQGcJaON3AtU++kax69XV7YWz4tUspqZSAsVofhFKG2w==

prism-media@^1.2.2:
  version "1.2.2"
  resolved "https://registry.yarnpkg.com/prism-media/-/prism-media-1.2.2.tgz#4f1c841f248b67d325a24b4e6b1a491b8f50a24f"
  integrity sha512-I+nkWY212lJ500jLe4tN9tWO7nRiBAVdMv76P9kffZjYhw20raMlW1HSSvS+MLXC9MmbNZCazMrAr+5jEEgTuw==

setimmediate@^1.0.5:
  version "1.0.5"
  resolved "https://registry.yarnpkg.com/setimmediate/-/setimmediate-1.0.5.tgz#290cbb232e306942d7d7ea9b83732ab7856f8285"
  integrity sha1-KQy7Iy4waULX1+qbg3Mqt4VvgoU=

ts-postgres@^1.1.3:
  version "1.1.3"
  resolved "https://registry.yarnpkg.com/ts-postgres/-/ts-postgres-1.1.3.tgz#d848d843a9c61445cdc553af5ef8974d13bebd84"
  integrity sha512-T7Ibw5bZ5Bpf2dH3h44Xp0tigSYnZbgl6DdvJuwQKEOxqFPiTXPZGal+KyCLCNmOgcGOP15iYdbu7J6siMdm8w==
  dependencies:
    ts-typed-events "^1.1.1"

ts-typed-events@^1.1.1:
  version "1.1.1"
  resolved "https://registry.yarnpkg.com/ts-typed-events/-/ts-typed-events-1.1.1.tgz#9736c79c008cdd61fc536b98a806e85bf25053cf"
  integrity sha512-jftubiJvjHWcHIFUgLOGB1NjybQwKpAWX1Rb9FeVGw9R6LvqjdBdkowFQUTTjcpaVmmJXXvuwjZFhDuqnr9xQQ==

tslib@^1.9.3:
  version "1.13.0"
  resolved "https://registry.yarnpkg.com/tslib/-/tslib-1.13.0.tgz#c881e13cc7015894ed914862d276436fa9a47043"
  integrity sha512-i/6DQjL8Xf3be4K/E6Wgpekn5Qasl1usyw++dAA35Ue5orEn65VIxOA+YvNNl9HV3qv70T7CNwjODHZrLwvd1Q==

tweetnacl@^1.0.3:
  version "1.0.3"
  resolved "https://registry.yarnpkg.com/tweetnacl/-/tweetnacl-1.0.3.tgz#ac0af71680458d8a6378d0d0d050ab1407d35596"
  integrity sha512-6rt+RN7aOi1nGMyC4Xa5DdYiukl2UWCbcJft7YhxReBGQD7OAM8Pbxw6YMo4r2diNEA8FEmu32YOn9rhaiE5yw==

utf-8-validate@^5.0.2:
  version "5.0.2"
  resolved "https://registry.yarnpkg.com/utf-8-validate/-/utf-8-validate-5.0.2.tgz#63cfbccd85dc1f2b66cf7a1d0eebc08ed056bfb3"
  integrity sha512-SwV++i2gTD5qh2XqaPzBnNX88N6HdyhQrNNRykvcS0QKvItV9u3vPEJr+X5Hhfb1JC0r0e1alL0iB09rY8+nmw==
  dependencies:
    node-gyp-build "~3.7.0"

ws@^7.2.3, ws@^7.3.1:
  version "7.3.1"
  resolved "https://registry.yarnpkg.com/ws/-/ws-7.3.1.tgz#d0547bf67f7ce4f12a72dfe31262c68d7dc551c8"
  integrity sha512-D3RuNkynyHmEJIpD2qrgVkc9DQ23OrN/moAwZX4L8DfvszsJxpjQuUq3LMx6HoYji9fbIOBY18XWBsAux1ZZUA==
